
Microsoft Visual Studio Solution File, Format Version 12.00
# Visual Studio Version 17
VisualStudioVersion = 17.5.33424.131
MinimumVisualStudioVersion = 10.0.40219.1
Project("{FAE04EC0-301F-11D3-BF4B-00C04F79EFBC}") = "task2fin", "task2fin\task2fin.csproj", "{46653650-1567-41D6-AF72-E70111B8AF87}"
EndProject
Global
	GlobalSection(SolutionConfigurationPlatforms) = preSolution
		Debug|Any CPU = Debug|Any CPU
		Release|Any CPU = Release|Any CPU
	EndGlobalSection
	GlobalSection(ProjectConfigurationPlatforms) = postSolution
		{46653650-1567-41D6-AF72-E70111B8AF87}.Debug|Any CPU.ActiveCfg = Debug|Any CPU
		{46653650-1567-41D6-AF72-E70111B8AF87}.Debug|Any CPU.Build.0 = Debug|Any CPU
		{46653650-1567-41D6-AF72-E70111B8AF87}.Release|Any CPU.ActiveCfg = Release|Any CPU
		{46653650-1567-41D6-AF72-E70111B8AF87}.Release|Any CPU.Build.0 = Release|Any CPU
	EndGlobalSection
	GlobalSection(SolutionProperties) = preSolution
		HideSolutionNode = FALSE
	EndGlobalSection
	GlobalSection(ExtensibilityGlobals) = postSolution
		SolutionGuid = {0122A762-4CFB-4D29-8D36-BA77DC574648}
	EndGlobalSection
EndGlobal
